
Microsoft Visual Studio Solution File, Format Version 12.00
# Visual Studio Version 17
VisualStudioVersion = 17.9.34723.18
MinimumVisualStudioVersion = 10.0.40219.1
Project("{9A19103F-16F7-4668-BE54-9A1E7A4F7556}") = "Edu-On-Clone", "Edu-On-Clone\Edu-On-Clone.csproj", "{DD378875-7598-41CA-93E4-A8A6BD544C94}"
EndProject
Project("{FAE04EC0-301F-11D3-BF4B-00C04F79EFBC}") = "EduOnClone.Domain", "EduOnClone.Domain\EduOnClone.Domain.csproj", "{CEDF1ADD-9A2F-4C5B-9BBB-DE2440CBE3A0}"
EndProject
Global
	GlobalSection(SolutionConfigurationPlatforms) = preSolution
		Debug|Any CPU = Debug|Any CPU
		Release|Any CPU = Release|Any CPU
	EndGlobalSection
	GlobalSection(ProjectConfigurationPlatforms) = postSolution
		{DD378875-7598-41CA-93E4-A8A6BD544C94}.Debug|Any CPU.ActiveCfg = Debug|Any CPU
		{DD378875-7598-41CA-93E4-A8A6BD544C94}.Debug|Any CPU.Build.0 = Debug|Any CPU
		{DD378875-7598-41CA-93E4-A8A6BD544C94}.Release|Any CPU.ActiveCfg = Release|Any CPU
		{DD378875-7598-41CA-93E4-A8A6BD544C94}.Release|Any CPU.Build.0 = Release|Any CPU
		{CEDF1ADD-9A2F-4C5B-9BBB-DE2440CBE3A0}.Debug|Any CPU.ActiveCfg = Debug|Any CPU
		{CEDF1ADD-9A2F-4C5B-9BBB-DE2440CBE3A0}.Debug|Any CPU.Build.0 = Debug|Any CPU
		{CEDF1ADD-9A2F-4C5B-9BBB-DE2440CBE3A0}.Release|Any CPU.ActiveCfg = Release|Any CPU
		{CEDF1ADD-9A2F-4C5B-9BBB-DE2440CBE3A0}.Release|Any CPU.Build.0 = Release|Any CPU
	EndGlobalSection
	GlobalSection(SolutionProperties) = preSolution
		HideSolutionNode = FALSE
	EndGlobalSection
	GlobalSection(ExtensibilityGlobals) = postSolution
		SolutionGuid = {55CC3AD8-15E4-4DE6-87C8-5537D3B9C7A4}
	EndGlobalSection
EndGlobal
